
Microsoft Visual Studio Solution File, Format Version 12.00
# Visual Studio Version 17
VisualStudioVersion = 17.3.32825.248
MinimumVisualStudioVersion = 10.0.40219.1
Project("{FAE04EC0-301F-11D3-BF4B-00C04F79EFBC}") = "KDA_Task_02", "KDA_Task_02\KDA_Task_02.csproj", "{433F13AE-9E2B-4F85-990F-E36023EE37B2}"
EndProject
Project("{FAE04EC0-301F-11D3-BF4B-00C04F79EFBC}") = "KDA_Task_03", "KDA_Task_03\KDA_Task_03.csproj", "{F55E0614-606C-49DE-A07A-A1991B4C5F8B}"
EndProject
Project("{FAE04EC0-301F-11D3-BF4B-00C04F79EFBC}") = "KDA_Task_07", "KDA_Task_07\KDA_Task_07.csproj", "{8F85742D-C78C-4FE8-90B5-E32C0B859205}"
EndProject
Project("{FAE04EC0-301F-11D3-BF4B-00C04F79EFBC}") = "KDA_Task_01", "KDA_Task_01\KDA_Task_01.csproj", "{F6CC06AE-566C-41A4-BDDD-5A93E840978B}"
EndProject
Global
	GlobalSection(SolutionConfigurationPlatforms) = preSolution
		Debug|Any CPU = Debug|Any CPU
		Release|Any CPU = Release|Any CPU
	EndGlobalSection
	GlobalSection(ProjectConfigurationPlatforms) = postSolution
		{433F13AE-9E2B-4F85-990F-E36023EE37B2}.Debug|Any CPU.ActiveCfg = Debug|Any CPU
		{433F13AE-9E2B-4F85-990F-E36023EE37B2}.Debug|Any CPU.Build.0 = Debug|Any CPU
		{433F13AE-9E2B-4F85-990F-E36023EE37B2}.Release|Any CPU.ActiveCfg = Release|Any CPU
		{433F13AE-9E2B-4F85-990F-E36023EE37B2}.Release|Any CPU.Build.0 = Release|Any CPU
		{F55E0614-606C-49DE-A07A-A1991B4C5F8B}.Debug|Any CPU.ActiveCfg = Debug|Any CPU
		{F55E0614-606C-49DE-A07A-A1991B4C5F8B}.Debug|Any CPU.Build.0 = Debug|Any CPU
		{F55E0614-606C-49DE-A07A-A1991B4C5F8B}.Release|Any CPU.ActiveCfg = Release|Any CPU
		{F55E0614-606C-49DE-A07A-A1991B4C5F8B}.Release|Any CPU.Build.0 = Release|Any CPU
		{8F85742D-C78C-4FE8-90B5-E32C0B859205}.Debug|Any CPU.ActiveCfg = Debug|Any CPU
		{8F85742D-C78C-4FE8-90B5-E32C0B859205}.Debug|Any CPU.Build.0 = Debug|Any CPU
		{8F85742D-C78C-4FE8-90B5-E32C0B859205}.Release|Any CPU.ActiveCfg = Release|Any CPU
		{8F85742D-C78C-4FE8-90B5-E32C0B859205}.Release|Any CPU.Build.0 = Release|Any CPU
		{F6CC06AE-566C-41A4-BDDD-5A93E840978B}.Debug|Any CPU.ActiveCfg = Debug|Any CPU
		{F6CC06AE-566C-41A4-BDDD-5A93E840978B}.Debug|Any CPU.Build.0 = Debug|Any CPU
		{F6CC06AE-566C-41A4-BDDD-5A93E840978B}.Release|Any CPU.ActiveCfg = Release|Any CPU
		{F6CC06AE-566C-41A4-BDDD-5A93E840978B}.Release|Any CPU.Build.0 = Release|Any CPU
	EndGlobalSection
	GlobalSection(SolutionProperties) = preSolution
		HideSolutionNode = FALSE
	EndGlobalSection
	GlobalSection(ExtensibilityGlobals) = postSolution
		SolutionGuid = {749035B5-214F-46B8-BC2B-5FA746E735D7}
	EndGlobalSection
EndGlobal
